
Microsoft Visual Studio Solution File, Format Version 12.00
# Visual Studio Version 17
VisualStudioVersion = 17.0.31903.59
MinimumVisualStudioVersion = 10.0.40219.1
Project("{9A19103F-16F7-4668-BE54-9A1E7A4F7556}") = "AlexList", "AlexList\AlexList.csproj", "{13C0A23C-0850-4F9B-BBEC-9513B932AB8A}"
EndProject
Project("{9A19103F-16F7-4668-BE54-9A1E7A4F7556}") = "TestingAlexCollections", "TestingAlexCollections\TestingAlexCollections.csproj", "{B55C0B83-AE16-413B-9687-7D614BFD3C7C}"
EndProject
Global
	GlobalSection(SolutionConfigurationPlatforms) = preSolution
		Debug|Any CPU = Debug|Any CPU
		Release|Any CPU = Release|Any CPU
	EndGlobalSection
	GlobalSection(ProjectConfigurationPlatforms) = postSolution
		{13C0A23C-0850-4F9B-BBEC-9513B932AB8A}.Debug|Any CPU.ActiveCfg = Debug|Any CPU
		{13C0A23C-0850-4F9B-BBEC-9513B932AB8A}.Debug|Any CPU.Build.0 = Debug|Any CPU
		{13C0A23C-0850-4F9B-BBEC-9513B932AB8A}.Release|Any CPU.ActiveCfg = Release|Any CPU
		{13C0A23C-0850-4F9B-BBEC-9513B932AB8A}.Release|Any CPU.Build.0 = Release|Any CPU
		{B55C0B83-AE16-413B-9687-7D614BFD3C7C}.Debug|Any CPU.ActiveCfg = Debug|Any CPU
		{B55C0B83-AE16-413B-9687-7D614BFD3C7C}.Debug|Any CPU.Build.0 = Debug|Any CPU
		{B55C0B83-AE16-413B-9687-7D614BFD3C7C}.Release|Any CPU.ActiveCfg = Release|Any CPU
		{B55C0B83-AE16-413B-9687-7D614BFD3C7C}.Release|Any CPU.Build.0 = Release|Any CPU
	EndGlobalSection
	GlobalSection(SolutionProperties) = preSolution
		HideSolutionNode = FALSE
	EndGlobalSection
	GlobalSection(ExtensibilityGlobals) = postSolution
		SolutionGuid = {A250C39A-E54F-41BB-A9CB-6292EE50D86F}
	EndGlobalSection
EndGlobal
